
Microsoft Visual Studio Solution File, Format Version 12.00
# Visual Studio Version 16
VisualStudioVersion = 16.0.30011.22
MinimumVisualStudioVersion = 10.0.40219.1
Project("{FAE04EC0-301F-11D3-BF4B-00C04F79EFBC}") = "DevNetPackIdentityApi", "DevNetPackIdentityApi\DevNetPackIdentityApi.csproj", "{67941F7B-6E59-451C-B8CF-DFD285753876}"
EndProject
Global
	GlobalSection(SolutionConfigurationPlatforms) = preSolution
		Debug|Any CPU = Debug|Any CPU
		Release|Any CPU = Release|Any CPU
	EndGlobalSection
	GlobalSection(ProjectConfigurationPlatforms) = postSolution
		{67941F7B-6E59-451C-B8CF-DFD285753876}.Debug|Any CPU.ActiveCfg = Debug|Any CPU
		{67941F7B-6E59-451C-B8CF-DFD285753876}.Debug|Any CPU.Build.0 = Debug|Any CPU
		{67941F7B-6E59-451C-B8CF-DFD285753876}.Release|Any CPU.ActiveCfg = Release|Any CPU
		{67941F7B-6E59-451C-B8CF-DFD285753876}.Release|Any CPU.Build.0 = Release|Any CPU
	EndGlobalSection
	GlobalSection(SolutionProperties) = preSolution
		HideSolutionNode = FALSE
	EndGlobalSection
	GlobalSection(ExtensibilityGlobals) = postSolution
		SolutionGuid = {4E51B293-0678-43FB-B236-6420C0BD4AE9}
	EndGlobalSection
EndGlobal
